{
  "name": "imparta-take-home-test",
  "lockfileVersion": 3,
  "requires": true,
  "packages": {
    "": {
      "dependencies": {
        "@fluentui/react": "^8.109.8"
      }
    },
    "node_modules/@fluentui/date-time-utilities": {
      "version": "8.5.11",
      "resolved": "https://registry.npmjs.org/@fluentui/date-time-utilities/-/date-time-utilities-8.5.11.tgz",
      "integrity": "sha512-dTFP/AcvbXw6Mq9ju5nAmiGB1qyd0qjW8kM/lhNcQ05xyy1Cc68hyaaiNU+ydxr0MGhGLr4J3yxcg9I8TfdRkA==",
      "dependencies": {
        "@fluentui/set-version": "^8.2.10",
        "tslib": "^2.1.0"
      }
    },
    "node_modules/@fluentui/dom-utilities": {
      "version": "2.2.10",
      "resolved": "https://registry.npmjs.org/@fluentui/dom-utilities/-/dom-utilities-2.2.10.tgz",
      "integrity": "sha512-NTy93hUSE24a7PMjeOt4nedC0aIwInoWH72t2IJJ4MsKivuR9cRTvK2LS/U81u5IX/xhm+CwonUn7A9dbL93GQ==",
      "dependencies": {
        "@fluentui/set-version": "^8.2.10",
        "tslib": "^2.1.0"
      }
    },
    "node_modules/@fluentui/font-icons-mdl2": {
      "version": "8.5.19",
      "resolved": "https://registry.npmjs.org/@fluentui/font-icons-mdl2/-/font-icons-mdl2-8.5.19.tgz",
      "integrity": "sha512-8Oq/oPgXJDb0FxwERZIVuj40ixdzdj7vbDoUa2A7gMw2GczbpdvDUTlSJpjq0emxVoG100lXaTxBa6nBCBRLRA==",
      "dependencies": {
        "@fluentui/set-version": "^8.2.10",
        "@fluentui/style-utilities": "^8.9.12",
        "@fluentui/utilities": "^8.13.14",
        "tslib": "^2.1.0"
      }
    },
    "node_modules/@fluentui/foundation-legacy": {
      "version": "8.2.39",
      "resolved": "https://registry.npmjs.org/@fluentui/foundation-legacy/-/foundation-legacy-8.2.39.tgz",
      "integrity": "sha512-3ygFbY17IPTjOwZt2UUSIw486ipeaK+k1r0zqiioXsOCUan61kcRcRlbhtLy6DqxLISH9+BY0qU3GLmhw1gMHA==",
      "dependencies": {
        "@fluentui/merge-styles": "^8.5.11",
        "@fluentui/set-version": "^8.2.10",
        "@fluentui/style-utilities": "^8.9.12",
        "@fluentui/utilities": "^8.13.14",
        "tslib": "^2.1.0"
      },
      "peerDependencies": {
        "@types/react": ">=16.8.0 <19.0.0",
        "react": ">=16.8.0 <19.0.0"
      }
    },
    "node_modules/@fluentui/keyboard-key": {
      "version": "0.4.10",
      "resolved": "https://registry.npmjs.org/@fluentui/keyboard-key/-/keyboard-key-0.4.10.tgz",
      "integrity": "sha512-2lwad6KafQmd5xgx5cClEQwStNrD7Vz7b3cJDD1z8QWof3SW/EufzeKjrXa9aJWzJQFjyBT64BQbNtG9Y5PLgQ==",
      "dependencies": {
        "tslib": "^2.1.0"
      }
    },
    "node_modules/@fluentui/merge-styles": {
      "version": "8.5.11",
      "resolved": "https://registry.npmjs.org/@fluentui/merge-styles/-/merge-styles-8.5.11.tgz",
      "integrity": "sha512-46KHXxo/Y6x1glU2I7DOOkZnN8QwIWWF2IoreBbUQDGamqjN2lzs+znu+SpwMAeOrWJBViBdQYfV/fvpJWkg+g==",
      "dependencies": {
        "@fluentui/set-version": "^8.2.10",
        "tslib": "^2.1.0"
      }
    },
    "node_modules/@fluentui/react": {
      "version": "8.109.8",
      "resolved": "https://registry.npmjs.org/@fluentui/react/-/react-8.109.8.tgz",
      "integrity": "sha512-XVU1ILYUrW1YrPOEH58m0m8gwaWQmhn4+9cWHci8PFukyxQysUVdu7DbTSJsGjCG92ytBm+bpbfvC1X9mg/9Ig==",
      "dependencies": {
        "@fluentui/date-time-utilities": "^8.5.11",
        "@fluentui/font-icons-mdl2": "^8.5.19",
        "@fluentui/foundation-legacy": "^8.2.39",
        "@fluentui/merge-styles": "^8.5.11",
        "@fluentui/react-focus": "^8.8.25",
        "@fluentui/react-hooks": "^8.6.25",
        "@fluentui/react-portal-compat-context": "^9.0.6",
        "@fluentui/react-window-provider": "^2.2.14",
        "@fluentui/set-version": "^8.2.10",
        "@fluentui/style-utilities": "^8.9.12",
        "@fluentui/theme": "^2.6.30",
        "@fluentui/utilities": "^8.13.14",
        "@microsoft/load-themed-styles": "^1.10.26",
        "tslib": "^2.1.0"
      },
      "peerDependencies": {
        "@types/react": ">=16.8.0 <19.0.0",
        "@types/react-dom": ">=16.8.0 <19.0.0",
        "react": ">=16.8.0 <19.0.0",
        "react-dom": ">=16.8.0 <19.0.0"
      }
    },
    "node_modules/@fluentui/react-focus": {
      "version": "8.8.25",
      "resolved": "https://registry.npmjs.org/@fluentui/react-focus/-/react-focus-8.8.25.tgz",
      "integrity": "sha512-w1PJg8nQ1Nhtv9+VK6FUOgwgLbTMC0DPWf7yRIVr6WtwFAnEj4NjtaCjr2x8Y1HfMaiW5+SUFo7y/c7TPFDGjg==",
      "dependencies": {
        "@fluentui/keyboard-key": "^0.4.10",
        "@fluentui/merge-styles": "^8.5.11",
        "@fluentui/set-version": "^8.2.10",
        "@fluentui/style-utilities": "^8.9.12",
        "@fluentui/utilities": "^8.13.14",
        "tslib": "^2.1.0"
      },
      "peerDependencies": {
        "@types/react": ">=16.8.0 <19.0.0",
        "react": ">=16.8.0 <19.0.0"
      }
    },
    "node_modules/@fluentui/react-hooks": {
      "version": "8.6.25",
      "resolved": "https://registry.npmjs.org/@fluentui/react-hooks/-/react-hooks-8.6.25.tgz",
      "integrity": "sha512-qw+Oqvk1HeLNUOj8lrxyqvsFJTuOTYoT1op08Q1B5guuAqixdvvZIs0mNahhUjThRnc/wVpNAp9thr/K1+qiWQ==",
      "dependencies": {
        "@fluentui/react-window-provider": "^2.2.14",
        "@fluentui/set-version": "^8.2.10",
        "@fluentui/utilities": "^8.13.14",
        "tslib": "^2.1.0"
      },
      "peerDependencies": {
        "@types/react": ">=16.8.0 <19.0.0",
        "react": ">=16.8.0 <19.0.0"
      }
    },
    "node_modules/@fluentui/react-portal-compat-context": {
      "version": "9.0.6",
      "resolved": "https://registry.npmjs.org/@fluentui/react-portal-compat-context/-/react-portal-compat-context-9.0.6.tgz",
      "integrity": "sha512-HUt0/YXKRB4chtzlGbZ+7y7FHFyqaI0CeMFAe/QBXVOiOwA01QOr2j4Uky+30vupspIt6mjodLanuw1jMybmqQ==",
      "dependencies": {
        "@swc/helpers": "^0.4.14"
      },
      "peerDependencies": {
        "@types/react": ">=16.8.0 <19.0.0",
        "react": ">=16.8.0 <19.0.0"
      }
    },
    "node_modules/@fluentui/react-window-provider": {
      "version": "2.2.14",
      "resolved": "https://registry.npmjs.org/@fluentui/react-window-provider/-/react-window-provider-2.2.14.tgz",
      "integrity": "sha512-TlKpM9d6Ing19xhk9veGcSLENJiZH7CKOdCFScAngWDneJWmM12aJfE23LC5YGQigdSRXA3cjASs+hrjK390AA==",
      "dependencies": {
        "@fluentui/set-version": "^8.2.10",
        "tslib": "^2.1.0"
      },
      "peerDependencies": {
        "@types/react": ">=16.8.0 <19.0.0",
        "react": ">=16.8.0 <19.0.0"
      }
    },
    "node_modules/@fluentui/set-version": {
      "version": "8.2.10",
      "resolved": "https://registry.npmjs.org/@fluentui/set-version/-/set-version-8.2.10.tgz",
      "integrity": "sha512-7xCxqBSyVztFBmK8NevDnDpJlA9m+6+QYBmICifCqkxBHm5hyoJVqpf8drYP3vg2lkf90aVM/qeBSvXxp4ltaQ==",
      "dependencies": {
        "tslib": "^2.1.0"
      }
    },
    "node_modules/@fluentui/style-utilities": {
      "version": "8.9.12",
      "resolved": "https://registry.npmjs.org/@fluentui/style-utilities/-/style-utilities-8.9.12.tgz",
      "integrity": "sha512-OJgxGGpeP0t7F6Gt8v5zbnJXZ4UntfSVDiBTM4OibhPSw6Gg5C/QIvxL/+ILaxwdNfMxgS1GnvmlY+udDdLl0w==",
      "dependencies": {
        "@fluentui/merge-styles": "^8.5.11",
        "@fluentui/set-version": "^8.2.10",
        "@fluentui/theme": "^2.6.30",
        "@fluentui/utilities": "^8.13.14",
        "@microsoft/load-themed-styles": "^1.10.26",
        "tslib": "^2.1.0"
      }
    },
    "node_modules/@fluentui/theme": {
      "version": "2.6.30",
      "resolved": "https://registry.npmjs.org/@fluentui/theme/-/theme-2.6.30.tgz",
      "integrity": "sha512-EH+NvnUHRtgB+qVY0SiV1EyCGrL+NoEUKmNUe3CV6MAzuUhbLglXHkAHwNMhBlRTjsT+0+jMZ0wqjmCMuE7DEg==",
      "dependencies": {
        "@fluentui/merge-styles": "^8.5.11",
        "@fluentui/set-version": "^8.2.10",
        "@fluentui/utilities": "^8.13.14",
        "tslib": "^2.1.0"
      },
      "peerDependencies": {
        "@types/react": ">=16.8.0 <19.0.0",
        "react": ">=16.8.0 <19.0.0"
      }
    },
    "node_modules/@fluentui/utilities": {
      "version": "8.13.14",
      "resolved": "https://registry.npmjs.org/@fluentui/utilities/-/utilities-8.13.14.tgz",
      "integrity": "sha512-VUDDTXorcDP4CMf5h+RBgZRZT1g0//lTYNWDzngBHjyXAZvmoXLcN2UY/tfrQ2q6yWYBvkWFK+lgfJunU5g+VA==",
      "dependencies": {
        "@fluentui/dom-utilities": "^2.2.10",
        "@fluentui/merge-styles": "^8.5.11",
        "@fluentui/set-version": "^8.2.10",
        "tslib": "^2.1.0"
      },
      "peerDependencies": {
        "@types/react": ">=16.8.0 <19.0.0",
        "react": ">=16.8.0 <19.0.0"
      }
    },
    "node_modules/@microsoft/load-themed-styles": {
      "version": "1.10.295",
      "resolved": "https://registry.npmjs.org/@microsoft/load-themed-styles/-/load-themed-styles-1.10.295.tgz",
      "integrity": "sha512-W+IzEBw8a6LOOfRJM02dTT7BDZijxm+Z7lhtOAz1+y9vQm1Kdz9jlAO+qCEKsfxtUOmKilW8DIRqFw2aUgKeGg=="
    },
    "node_modules/@swc/helpers": {
      "version": "0.4.14",
      "resolved": "https://registry.npmjs.org/@swc/helpers/-/helpers-0.4.14.tgz",
      "integrity": "sha512-4C7nX/dvpzB7za4Ql9K81xK3HPxCpHMgwTZVyf+9JQ6VUbn9jjZVN7/Nkdz/Ugzs2CSjqnL/UPXroiVBVHUWUw==",
      "dependencies": {
        "tslib": "^2.4.0"
      }
    },
    "node_modules/@types/prop-types": {
      "version": "15.7.5",
      "resolved": "https://registry.npmjs.org/@types/prop-types/-/prop-types-15.7.5.tgz",
      "integrity": "sha512-JCB8C6SnDoQf0cNycqd/35A7MjcnK+ZTqE7judS6o7utxUCg6imJg3QK2qzHKszlTjcj2cn+NwMB2i96ubpj7w==",
      "peer": true
    },
    "node_modules/@types/react": {
      "version": "18.2.7",
      "resolved": "https://registry.npmjs.org/@types/react/-/react-18.2.7.tgz",
      "integrity": "sha512-ojrXpSH2XFCmHm7Jy3q44nXDyN54+EYKP2lBhJ2bqfyPj6cIUW/FZW/Csdia34NQgq7KYcAlHi5184m4X88+yw==",
      "peer": true,
      "dependencies": {
        "@types/prop-types": "*",
        "@types/scheduler": "*",
        "csstype": "^3.0.2"
      }
    },
    "node_modules/@types/react-dom": {
      "version": "18.2.4",
      "resolved": "https://registry.npmjs.org/@types/react-dom/-/react-dom-18.2.4.tgz",
      "integrity": "sha512-G2mHoTMTL4yoydITgOGwWdWMVd8sNgyEP85xVmMKAPUBwQWm9wBPQUmvbeF4V3WBY1P7mmL4BkjQ0SqUpf1snw==",
      "peer": true,
      "dependencies": {
        "@types/react": "*"
      }
    },
    "node_modules/@types/scheduler": {
      "version": "0.16.3",
      "resolved": "https://registry.npmjs.org/@types/scheduler/-/scheduler-0.16.3.tgz",
      "integrity": "sha512-5cJ8CB4yAx7BH1oMvdU0Jh9lrEXyPkar6F9G/ERswkCuvP4KQZfZkSjcMbAICCpQTN4OuZn8tz0HiKv9TGZgrQ==",
      "peer": true
    },
    "node_modules/csstype": {
      "version": "3.1.2",
      "resolved": "https://registry.npmjs.org/csstype/-/csstype-3.1.2.tgz",
      "integrity": "sha512-I7K1Uu0MBPzaFKg4nI5Q7Vs2t+3gWWW648spaF+Rg7pI9ds18Ugn+lvg4SHczUdKlHI5LWBXyqfS8+DufyBsgQ==",
      "peer": true
    },
    "node_modules/js-tokens": {
      "version": "4.0.0",
      "resolved": "https://registry.npmjs.org/js-tokens/-/js-tokens-4.0.0.tgz",
      "integrity": "sha512-RdJUflcE3cUzKiMqQgsCu06FPu9UdIJO0beYbPhHN4k6apgJtifcoCtT9bcxOpYBtpD2kCM6Sbzg4CausW/PKQ==",
      "peer": true
    },
    "node_modules/loose-envify": {
      "version": "1.4.0",
      "resolved": "https://registry.npmjs.org/loose-envify/-/loose-envify-1.4.0.tgz",
      "integrity": "sha512-lyuxPGr/Wfhrlem2CL/UcnUc1zcqKAImBDzukY7Y5F/yQiNdko6+fRLevlw1HgMySw7f611UIY408EtxRSoK3Q==",
      "peer": true,
      "dependencies": {
        "js-tokens": "^3.0.0 || ^4.0.0"
      },
      "bin": {
        "loose-envify": "cli.js"
      }
    },
    "node_modules/react": {
      "version": "18.2.0",
      "resolved": "https://registry.npmjs.org/react/-/react-18.2.0.tgz",
      "integrity": "sha512-/3IjMdb2L9QbBdWiW5e3P2/npwMBaU9mHCSCUzNln0ZCYbcfTsGbTJrU/kGemdH2IWmB2ioZ+zkxtmq6g09fGQ==",
      "peer": true,
      "dependencies": {
        "loose-envify": "^1.1.0"
      },
      "engines": {
        "node": ">=0.10.0"
      }
    },
    "node_modules/react-dom": {
      "version": "18.2.0",
      "resolved": "https://registry.npmjs.org/react-dom/-/react-dom-18.2.0.tgz",
      "integrity": "sha512-6IMTriUmvsjHUjNtEDudZfuDQUoWXVxKHhlEGSk81n4YFS+r/Kl99wXiwlVXtPBtJenozv2P+hxDsw9eA7Xo6g==",
      "peer": true,
      "dependencies": {
        "loose-envify": "^1.1.0",
        "scheduler": "^0.23.0"
      },
      "peerDependencies": {
        "react": "^18.2.0"
      }
    },
    "node_modules/scheduler": {
      "version": "0.23.0",
      "resolved": "https://registry.npmjs.org/scheduler/-/scheduler-0.23.0.tgz",
      "integrity": "sha512-CtuThmgHNg7zIZWAXi3AsyIzA3n4xx7aNyjwC2VJldO2LMVDhFK+63xGqq6CsJH4rTAt6/M+N4GhZiDYPx9eUw==",
      "peer": true,
      "dependencies": {
        "loose-envify": "^1.1.0"
      }
    },
    "node_modules/tslib": {
      "version": "2.5.2",
      "resolved": "https://registry.npmjs.org/tslib/-/tslib-2.5.2.tgz",
      "integrity": "sha512-5svOrSA2w3iGFDs1HibEVBGbDrAY82bFQ3HZ3ixB+88nsbsWQoKqDRb5UBYAUPEzbBn6dAp5gRNXglySbx1MlA=="
    }
  }
}
